
Microsoft Visual Studio Solution File, Format Version 12.00
# Visual Studio Version 17
VisualStudioVersion = 17.1.32414.318
MinimumVisualStudioVersion = 10.0.40219.1
Project("{FAE04EC0-301F-11D3-BF4B-00C04F79EFBC}") = "Broadsign_DOMS", "Broadsign_DOMS\Broadsign_DOMS.csproj", "{075D66AE-38BB-4407-83FF-131C96C54AE6}"
EndProject
Global
	GlobalSection(SolutionConfigurationPlatforms) = preSolution
		Debug|Any CPU = Debug|Any CPU
		Release|Any CPU = Release|Any CPU
	EndGlobalSection
	GlobalSection(ProjectConfigurationPlatforms) = postSolution
		{075D66AE-38BB-4407-83FF-131C96C54AE6}.Debug|Any CPU.ActiveCfg = Debug|Any CPU
		{075D66AE-38BB-4407-83FF-131C96C54AE6}.Debug|Any CPU.Build.0 = Debug|Any CPU
		{075D66AE-38BB-4407-83FF-131C96C54AE6}.Release|Any CPU.ActiveCfg = Release|Any CPU
		{075D66AE-38BB-4407-83FF-131C96C54AE6}.Release|Any CPU.Build.0 = Release|Any CPU
	EndGlobalSection
	GlobalSection(SolutionProperties) = preSolution
		HideSolutionNode = FALSE
	EndGlobalSection
	GlobalSection(ExtensibilityGlobals) = postSolution
		SolutionGuid = {F62C59F7-C23E-46D0-ACA2-9059733E3EE5}
	EndGlobalSection
EndGlobal
